// !$*UTF8*$!
{
	archiveVersion = 1;
	classes = {
	};
	objectVersion = 50;
	objects = {

/* Begin PBXBuildFile section */
		8C68F9FF21171F290065CC9F /* AppDelegate.m in Sources */ = {isa = PBXBuildFile; fileRef = 8C68F9FE21171F290065CC9F /* AppDelegate.m */; };
		8C68FA0221171F290065CC9F /* ViewController.m in Sources */ = {isa = PBXBuildFile; fileRef = 8C68FA0121171F290065CC9F /* ViewController.m */; };
		8C68FA0521171F290065CC9F /* Main.storyboard in Resources */ = {isa = PBXBuildFile; fileRef = 8C68FA0321171F290065CC9F /* Main.storyboard */; };
		8C68FA0721171F290065CC9F /* Assets.xcassets in Resources */ = {isa = PBXBuildFile; fileRef = 8C68FA0621171F290065CC9F /* Assets.xcassets */; };
		8C68FA0A21171F290065CC9F /* LaunchScreen.storyboard in Resources */ = {isa = PBXBuildFile; fileRef = 8C68FA0821171F290065CC9F /* LaunchScreen.storyboard */; };
		8C68FA0D21171F290065CC9F /* main.m in Sources */ = {isa = PBXBuildFile; fileRef = 8C68FA0C21171F290065CC9F /* main.m */; };
		8C68FA1921171F700065CC9F /* CustomMetalView.m in Sources */ = {isa = PBXBuildFile; fileRef = 8C68FA1821171F700065CC9F /* CustomMetalView.m */; };
		8C68FA1C211726130065CC9F /* shader.metal in Sources */ = {isa = PBXBuildFile; fileRef = 8C68FA1B211726130065CC9F /* shader.metal */; };
/* End PBXBuildFile section */

/* Begin PBXFileReference section */
		8C68F9FA21171F290065CC9F /* LearningMetal02.app */ = {isa = PBXFileReference; explicitFileType = wrapper.application; includeInIndex = 0; path = LearningMetal02.app; sourceTree = BUILT_PRODUCTS_DIR; };
		8C68F9FD21171F290065CC9F /* AppDelegate.h */ = {isa = PBXFileReference; lastKnownFileType = sourcecode.c.h; path = AppDelegate.h; sourceTree = "<group>"; };
		8C68F9FE21171F290065CC9F /* AppDelegate.m */ = {isa = PBXFileReference; lastKnownFileType = sourcecode.c.objc; path = AppDelegate.m; sourceTree = "<group>"; };
		8C68FA0021171F290065CC9F /* ViewController.h */ = {isa = PBXFileReference; lastKnownFileType = sourcecode.c.h; path = ViewController.h; sourceTree = "<group>"; };
		8C68FA0121171F290065CC9F /* ViewController.m */ = {isa = PBXFileReference; lastKnownFileType = sourcecode.c.objc; path = ViewController.m; sourceTree = "<group>"; };
		8C68FA0421171F290065CC9F /* Base */ = {isa = PBXFileReference; lastKnownFileType = file.storyboard; name = Base; path = Base.lproj/Main.storyboard; sourceTree = "<group>"; };
		8C68FA0621171F290065CC9F /* Assets.xcassets */ = {isa = PBXFileReference; lastKnownFileType = folder.assetcatalog; path = Assets.xcassets; sourceTree = "<group>"; };
		8C68FA0921171F290065CC9F /* Base */ = {isa = PBXFileReference; lastKnownFileType = file.storyboard; name = Base; path = Base.lproj/LaunchScreen.storyboard; sourceTree = "<group>"; };
		8C68FA0B21171F290065CC9F /* Info.plist */ = {isa = PBXFileReference; lastKnownFileType = text.plist.xml; path = Info.plist; sourceTree = "<group>"; };
		8C68FA0C21171F290065CC9F /* main.m */ = {isa = PBXFileReference; lastKnownFileType = sourcecode.c.objc; path = main.m; sourceTree = "<group>"; };
		8C68FA1721171F700065CC9F /* CustomMetalView.h */ = {isa = PBXFileReference; lastKnownFileType = sourcecode.c.h; path = CustomMetalView.h; sourceTree = "<group>"; };
		8C68FA1821171F700065CC9F /* CustomMetalView.m */ = {isa = PBXFileReference; lastKnownFileType = sourcecode.c.objc; path = CustomMetalView.m; sourceTree = "<group>"; };
		8C68FA1B211726130065CC9F /* shader.metal */ = {isa = PBXFileReference; lastKnownFileType = sourcecode.metal; path = shader.metal; sourceTree = "<group>"; };
/* End PBXFileReference section */

/* Begin PBXFrameworksBuildPhase section */
		8C68F9F721171F290065CC9F /* Frameworks */ = {
			isa = PBXFrameworksBuildPhase;
			buildActionMask = 2147483647;
			files = (
			);
			runOnlyForDeploymentPostprocessing = 0;
		};
/* End PBXFrameworksBuildPhase section */

/* Begin PBXGroup section */
		8C68F9F121171F290065CC9F = {
			isa = PBXGroup;
			children = (
				8C68F9FC21171F290065CC9F /* LearningMetal02 */,
				8C68F9FB21171F290065CC9F /* Products */,
			);
			sourceTree = "<group>";
		};
		8C68F9FB21171F290065CC9F /* Products */ = {
			isa = PBXGroup;
			children = (
				8C68F9FA21171F290065CC9F /* LearningMetal02.app */,
			);
			name = Products;
			sourceTree = "<group>";
		};
		8C68F9FC21171F290065CC9F /* LearningMetal02 */ = {
			isa = PBXGroup;
			children = (
				8C68FA1A211725FA0065CC9F /* MetalShader */,
				8C68FA1621171F5A0065CC9F /* MetalView */,
				8C68F9FD21171F290065CC9F /* AppDelegate.h */,
				8C68F9FE21171F290065CC9F /* AppDelegate.m */,
				8C68FA0021171F290065CC9F /* ViewController.h */,
				8C68FA0121171F290065CC9F /* ViewController.m */,
				8C68FA0321171F290065CC9F /* Main.storyboard */,
				8C68FA0621171F290065CC9F /* Assets.xcassets */,
				8C68FA0821171F290065CC9F /* LaunchScreen.storyboard */,
				8C68FA0B21171F290065CC9F /* Info.plist */,
				8C68FA0C21171F290065CC9F /* main.m */,
			);
			path = LearningMetal02;
			sourceTree = "<group>";
		};
		8C68FA1621171F5A0065CC9F /* MetalView */ = {
			isa = PBXGroup;
			children = (
				8C68FA1721171F700065CC9F /* CustomMetalView.h */,
				8C68FA1821171F700065CC9F /* CustomMetalView.m */,
			);
			path = MetalView;
			sourceTree = "<group>";
		};
		8C68FA1A211725FA0065CC9F /* MetalShader */ = {
			isa = PBXGroup;
			children = (
				8C68FA1B211726130065CC9F /* shader.metal */,
			);
			path = MetalShader;
			sourceTree = "<group>";
		};
/* End PBXGroup section */

/* Begin PBXNativeTarget section */
		8C68F9F921171F290065CC9F /* LearningMetal02 */ = {
			isa = PBXNativeTarget;
			buildConfigurationList = 8C68FA1021171F290065CC9F /* Build configuration list for PBXNativeTarget "LearningMetal02" */;
			buildPhases = (
				8C68F9F621171F290065CC9F /* Sources */,
				8C68F9F721171F290065CC9F /* Frameworks */,
				8C68F9F821171F290065CC9F /* Resources */,
			);
			buildRules = (
			);
			dependencies = (
			);
			name = LearningMetal02;
			productName = LearningMetal02;
			productReference = 8C68F9FA21171F290065CC9F /* LearningMetal02.app */;
			productType = "com.apple.product-type.application";
		};
/* End PBXNativeTarget section */

/* Begin PBXProject section */
		8C68F9F221171F290065CC9F /* Project object */ = {
			isa = PBXProject;
			attributes = {
				LastUpgradeCheck = 0940;
				ORGANIZATIONNAME = feixiaku;
				TargetAttributes = {
					8C68F9F921171F290065CC9F = {
						CreatedOnToolsVersion = 9.4.1;
					};
				};
			};
			buildConfigurationList = 8C68F9F521171F290065CC9F /* Build configuration list for PBXProject "LearningMetal02" */;
			compatibilityVersion = "Xcode 9.3";
			developmentRegion = en;
			hasScannedForEncodings = 0;
			knownRegions = (
				en,
				Base,
			);
			mainGroup = 8C68F9F121171F290065CC9F;
			productRefGroup = 8C68F9FB21171F290065CC9F /* Products */;
			projectDirPath = "";
			projectRoot = "";
			targets = (
				8C68F9F921171F290065CC9F /* LearningMetal02 */,
			);
		};
/* End PBXProject section */

/* Begin PBXResourcesBuildPhase section */
		8C68F9F821171F290065CC9F /* Resources */ = {
			isa = PBXResourcesBuildPhase;
			buildActionMask = 2147483647;
			files = (
				8C68FA0A21171F290065CC9F /* LaunchScreen.storyboard in Resources */,
				8C68FA0721171F290065CC9F /* Assets.xcassets in Resources */,
				8C68FA0521171F290065CC9F /* Main.storyboard in Resources */,
			);
			runOnlyForDeploymentPostprocessing = 0;
		};
/* End PBXResourcesBuildPhase section */

/* Begin PBXSourcesBuildPhase section */
		8C68F9F621171F290065CC9F /* Sources */ = {
			isa = PBXSourcesBuildPhase;
			buildActionMask = 2147483647;
			files = (
				8C68FA1C211726130065CC9F /* shader.metal in Sources */,
				8C68FA0221171F290065CC9F /* ViewController.m in Sources */,
				8C68FA1921171F700065CC9F /* CustomMetalView.m in Sources */,
				8C68FA0D21171F290065CC9F /* main.m in Sources */,
				8C68F9FF21171F290065CC9F /* AppDelegate.m in Sources */,
			);
			runOnlyForDeploymentPostprocessing = 0;
		};
/* End PBXSourcesBuildPhase section */

/* Begin PBXVariantGroup section */
		8C68FA0321171F290065CC9F /* Main.storyboard */ = {
			isa = PBXVariantGroup;
			children = (
				8C68FA0421171F290065CC9F /* Base */,
			);
			name = Main.storyboard;
			sourceTree = "<group>";
		};
		8C68FA0821171F290065CC9F /* LaunchScreen.storyboard */ = {
			isa = PBXVariantGroup;
			children = (
				8C68FA0921171F290065CC9F /* Base */,
			);
			name = LaunchScreen.storyboard;
			sourceTree = "<group>";
		};
/* End PBXVariantGroup section */

/* Begin XCBuildConfiguration section */
		8C68FA0E21171F290065CC9F /* Debug */ = {
			isa = XCBuildConfiguration;
			buildSettings = {
				ALWAYS_SEARCH_USER_PATHS = NO;
				CLANG_ANALYZER_NONNULL = YES;
				CLANG_ANALYZER_NUMBER_OBJECT_CONVERSION = YES_AGGRESSIVE;
				CLANG_CXX_LANGUAGE_STANDARD = "gnu++14";
				CLANG_CXX_LIBRARY = "libc++";
				CLANG_ENABLE_MODULES = YES;
				CLANG_ENABLE_OBJC_ARC = YES;
				CLANG_ENABLE_OBJC_WEAK = YES;
				CLANG_WARN_BLOCK_CAPTURE_AUTORELEASING = YES;
				CLANG_WARN_BOOL_CONVERSION = YES;
				CLANG_WARN_COMMA = YES;
				CLANG_WARN_CONSTANT_CONVERSION = YES;
				CLANG_WARN_DEPRECATED_OBJC_IMPLEMENTATIONS = YES;
				CLANG_WARN_DIRECT_OBJC_ISA_USAGE = YES_ERROR;
				CLANG_WARN_DOCUMENTATION_COMMENTS = YES;
				CLANG_WARN_EMPTY_BODY = YES;
				CLANG_WARN_ENUM_CONVERSION = YES;
				CLANG_WARN_INFINITE_RECURSION = YES;
				CLANG_WARN_INT_CONVERSION = YES;
				CLANG_WARN_NON_LITERAL_NULL_CONVERSION = YES;
				CLANG_WARN_OBJC_IMPLICIT_RETAIN_SELF = YES;
				CLANG_WARN_OBJC_LITERAL_CONVERSION = YES;
				CLANG_WARN_OBJC_ROOT_CLASS = YES_ERROR;
				CLANG_WARN_RANGE_LOOP_ANALYSIS = YES;
				CLANG_WARN_STRICT_PROTOTYPES = YES;
				CLANG_WARN_SUSPICIOUS_MOVE = YES;
				CLANG_WARN_UNGUARDED_AVAILABILITY = YES_AGGRESSIVE;
				CLANG_WARN_UNREACHABLE_CODE = YES;
				CLANG_WARN__DUPLICATE_METHOD_MATCH = YES;
				CODE_SIGN_IDENTITY = "iPhone Developer";
				COPY_PHASE_STRIP = NO;
				DEBUG_INFORMATION_FORMAT = dwarf;
				ENABLE_STRICT_OBJC_MSGSEND = YES;
				ENABLE_TESTABILITY = YES;
				GCC_C_LANGUAGE_STANDARD = gnu11;
				GCC_DYNAMIC_NO_PIC = NO;
				GCC_NO_COMMON_BLOCKS = YES;
				GCC_OPTIMIZATION_LEVEL = 0;
				GCC_PREPROCESSOR_DEFINITIONS = (
					"DEBUG=1",
					"$(inherited)",
				);
				GCC_WARN_64_TO_32_BIT_CONVERSION = YES;
				GCC_WARN_ABOUT_RETURN_TYPE = YES_ERROR;
				GCC_WARN_UNDECLARED_SELECTOR = YES;
				GCC_WARN_UNINITIALIZED_AUTOS = YES_AGGRESSIVE;
				GCC_WARN_UNUSED_FUNCTION = YES;
				GCC_WARN_UNUSED_VARIABLE = YES;
				IPHONEOS_DEPLOYMENT_TARGET = 11.4;
				MTL_ENABLE_DEBUG_INFO = YES;
				ONLY_ACTIVE_ARCH = YES;
				SDKROOT = iphoneos;
			};
			name = Debug;
		};
		8C68FA0F21171F290065CC9F /* Release */ = {
			isa = XCBuildConfiguration;
			buildSettings = {
				ALWAYS_SEARCH_USER_PATHS = NO;
				CLANG_ANALYZER_NONNULL = YES;
				CLANG_ANALYZER_NUMBER_OBJECT_CONVERSION = YES_AGGRESSIVE;
				CLANG_CXX_LANGUAGE_STANDARD = "gnu++14";
				CLANG_CXX_LIBRARY = "libc++";
				CLANG_ENABLE_MODULES = YES;
				CLANG_ENABLE_OBJC_ARC = YES;
				CLANG_ENABLE_OBJC_WEAK = YES;
				CLANG_WARN_BLOCK_CAPTURE_AUTORELEASING = YES;
				CLANG_WARN_BOOL_CONVERSION = YES;
				CLANG_WARN_COMMA = YES;
				CLANG_WARN_CONSTANT_CONVERSION = YES;
				CLANG_WARN_DEPRECATED_OBJC_IMPLEMENTATIONS = YES;
				CLANG_WARN_DIRECT_OBJC_ISA_USAGE = YES_ERROR;
				CLANG_WARN_DOCUMENTATION_COMMENTS = YES;
				CLANG_WARN_EMPTY_BODY = YES;
				CLANG_WARN_ENUM_CONVERSION = YES;
				CLANG_WARN_INFINITE_RECURSION = YES;
				CLANG_WARN_INT_CONVERSION = YES;
				CLANG_WARN_NON_LITERAL_NULL_CONVERSION = YES;
				CLANG_WARN_OBJC_IMPLICIT_RETAIN_SELF = YES;
				CLANG_WARN_OBJC_LITERAL_CONVERSION = YES;
				CLANG_WARN_OBJC_ROOT_CLASS = YES_ERROR;
				CLANG_WARN_RANGE_LOOP_ANALYSIS = YES;
				CLANG_WARN_STRICT_PROTOTYPES = YES;
				CLANG_WARN_SUSPICIOUS_MOVE = YES;
				CLANG_WARN_UNGUARDED_AVAILABILITY = YES_AGGRESSIVE;
				CLANG_WARN_UNREACHABLE_CODE = YES;
				CLANG_WARN__DUPLICATE_METHOD_MATCH = YES;
				CODE_SIGN_IDENTITY = "iPhone Developer";
				COPY_PHASE_STRIP = NO;
				DEBUG_INFORMATION_FORMAT = "dwarf-with-dsym";
				ENABLE_NS_ASSERTIONS = NO;
				ENABLE_STRICT_OBJC_MSGSEND = YES;
				GCC_C_LANGUAGE_STANDARD = gnu11;
				GCC_NO_COMMON_BLOCKS = YES;
				GCC_WARN_64_TO_32_BIT_CONVERSION = YES;
				GCC_WARN_ABOUT_RETURN_TYPE = YES_ERROR;
				GCC_WARN_UNDECLARED_SELECTOR = YES;
				GCC_WARN_UNINITIALIZED_AUTOS = YES_AGGRESSIVE;
				GCC_WARN_UNUSED_FUNCTION = YES;
				GCC_WARN_UNUSED_VARIABLE = YES;
				IPHONEOS_DEPLOYMENT_TARGET = 11.4;
				MTL_ENABLE_DEBUG_INFO = NO;
				SDKROOT = iphoneos;
				VALIDATE_PRODUCT = YES;
			};
			name = Release;
		};
		8C68FA1121171F290065CC9F /* Debug */ = {
			isa = XCBuildConfiguration;
			buildSettings = {
				ASSETCATALOG_COMPILER_APPICON_NAME = AppIcon;
				CODE_SIGN_STYLE = Automatic;
				DEVELOPMENT_TEAM = 82KE2F8XPV;
				INFOPLIST_FILE = LearningMetal02/Info.plist;
				IPHONEOS_DEPLOYMENT_TARGET = 11.0;
				LD_RUNPATH_SEARCH_PATHS = (
					"$(inherited)",
					"@executable_path/Frameworks",
				);
				PRODUCT_BUNDLE_IDENTIFIER = com.feixiaku.learningmetal.LearningMetal02;
				PRODUCT_NAME = "$(TARGET_NAME)";
				TARGETED_DEVICE_FAMILY = "1,2";
			};
			name = Debug;
		};
		8C68FA1221171F290065CC9F /* Release */ = {
			isa = XCBuildConfiguration;
			buildSettings = {
				ASSETCATALOG_COMPILER_APPICON_NAME = AppIcon;
				CODE_SIGN_STYLE = Automatic;
				DEVELOPMENT_TEAM = 82KE2F8XPV;
				INFOPLIST_FILE = LearningMetal02/Info.plist;
				IPHONEOS_DEPLOYMENT_TARGET = 11.0;
				LD_RUNPATH_SEARCH_PATHS = (
					"$(inherited)",
					"@executable_path/Frameworks",
				);
				PRODUCT_BUNDLE_IDENTIFIER = com.feixiaku.learningmetal.LearningMetal02;
				PRODUCT_NAME = "$(TARGET_NAME)";
				TARGETED_DEVICE_FAMILY = "1,2";
			};
			name = Release;
		};
/* End XCBuildConfiguration section */

/* Begin XCConfigurationList section */
		8C68F9F521171F290065CC9F /* Build configuration list for PBXProject "LearningMetal02" */ = {
			isa = XCConfigurationList;
			buildConfigurations = (
				8C68FA0E21171F290065CC9F /* Debug */,
				8C68FA0F21171F290065CC9F /* Release */,
			);
			defaultConfigurationIsVisible = 0;
			defaultConfigurationName = Release;
		};
		8C68FA1021171F290065CC9F /* Build configuration list for PBXNativeTarget "LearningMetal02" */ = {
			isa = XCConfigurationList;
			buildConfigurations = (
				8C68FA1121171F290065CC9F /* Debug */,
				8C68FA1221171F290065CC9F /* Release */,
			);
			defaultConfigurationIsVisible = 0;
			defaultConfigurationName = Release;
		};
/* End XCConfigurationList section */
	};
	rootObject = 8C68F9F221171F290065CC9F /* Project object */;
}
